{
  "name": "examples",
  "version": "1.0.0",
  "lockfileVersion": 3,
  "requires": true,
  "packages": {
    "": {
      "name": "examples",
      "version": "1.0.0",
      "license": "ISC",
      "dependencies": {
        "go-server-sdk": "^2.0.1"
      }
    },
    "..": {
      "name": "go-server-sdk",
      "version": "2.0.1",
      "license": "MIT",
      "dependencies": {
        "axios": "^1.6.0",
        "ws": "^8.14.0"
      },
      "devDependencies": {
        "@types/node": "^20.0.0",
        "@types/ws": "^8.5.0",
        "typescript": "^5.0.0"
      },
      "engines": {
        "node": ">=14.0.0"
      }
    },
    "node_modules/go-server-sdk": {
      "resolved": "..",
      "link": true
    }
  }
}
